
Microsoft Visual Studio Solution File, Format Version 12.00
# Visual Studio Version 17
VisualStudioVersion = 17.8.34408.163
MinimumVisualStudioVersion = 10.0.40219.1
Project("{FAE04EC0-301F-11D3-BF4B-00C04F79EFBC}") = "GithubHostTry", "GithubHostTry\GithubHostTry.csproj", "{35F73EF0-9716-49B5-8546-829CAD05BE8C}"
EndProject
Global
	GlobalSection(SolutionConfigurationPlatforms) = preSolution
		Debug|Any CPU = Debug|Any CPU
		Release|Any CPU = Release|Any CPU
	EndGlobalSection
	GlobalSection(ProjectConfigurationPlatforms) = postSolution
		{35F73EF0-9716-49B5-8546-829CAD05BE8C}.Debug|Any CPU.ActiveCfg = Debug|Any CPU
		{35F73EF0-9716-49B5-8546-829CAD05BE8C}.Debug|Any CPU.Build.0 = Debug|Any CPU
		{35F73EF0-9716-49B5-8546-829CAD05BE8C}.Release|Any CPU.ActiveCfg = Release|Any CPU
		{35F73EF0-9716-49B5-8546-829CAD05BE8C}.Release|Any CPU.Build.0 = Release|Any CPU
	EndGlobalSection
	GlobalSection(SolutionProperties) = preSolution
		HideSolutionNode = FALSE
	EndGlobalSection
	GlobalSection(ExtensibilityGlobals) = postSolution
		SolutionGuid = {8F4F9FD7-AE66-429E-9A08-FCC84D61D958}
	EndGlobalSection
EndGlobal
